
Microsoft Visual Studio Solution File, Format Version 12.00
# Visual Studio Version 16
VisualStudioVersion = 16.0.32002.261
MinimumVisualStudioVersion = 10.0.40219.1
Project("{FAE04EC0-301F-11D3-BF4B-00C04F79EFBC}") = "PublishInMemory", "PublishInMemory\PublishInMemory.csproj", "{8A42770F-52A3-4767-802F-F6ADEB1334D0}"
EndProject
Global
	GlobalSection(SolutionConfigurationPlatforms) = preSolution
		Debug|Any CPU = Debug|Any CPU
		Release|Any CPU = Release|Any CPU
	EndGlobalSection
	GlobalSection(ProjectConfigurationPlatforms) = postSolution
		{8A42770F-52A3-4767-802F-F6ADEB1334D0}.Debug|Any CPU.ActiveCfg = Debug|Any CPU
		{8A42770F-52A3-4767-802F-F6ADEB1334D0}.Debug|Any CPU.Build.0 = Debug|Any CPU
		{8A42770F-52A3-4767-802F-F6ADEB1334D0}.Release|Any CPU.ActiveCfg = Release|Any CPU
		{8A42770F-52A3-4767-802F-F6ADEB1334D0}.Release|Any CPU.Build.0 = Release|Any CPU
	EndGlobalSection
	GlobalSection(SolutionProperties) = preSolution
		HideSolutionNode = FALSE
	EndGlobalSection
	GlobalSection(ExtensibilityGlobals) = postSolution
		SolutionGuid = {735757C8-8394-48DD-87E9-EFA655FDCCA4}
	EndGlobalSection
EndGlobal
